
Microsoft Visual Studio Solution File, Format Version 12.00
# Visual Studio Version 17
VisualStudioVersion = 17.7.34202.233
MinimumVisualStudioVersion = 10.0.40219.1
Project("{9A19103F-16F7-4668-BE54-9A1E7A4F7556}") = "ImageRepoApi", "ImageRepoApi\ImageRepoApi.csproj", "{4EAFA69E-3E8D-4CA7-8B9A-547589BD1607}"
EndProject
Project("{9A19103F-16F7-4668-BE54-9A1E7A4F7556}") = "UnitTests", "UnitTests\UnitTests.csproj", "{487CF1CF-16EE-4EE7-8C32-61A7DBCDF01F}"
EndProject
Project("{9A19103F-16F7-4668-BE54-9A1E7A4F7556}") = "Storage", "Storage\Storage.csproj", "{981278EB-4517-4B88-B616-CC53824DA808}"
EndProject
Global
	GlobalSection(SolutionConfigurationPlatforms) = preSolution
		Debug|Any CPU = Debug|Any CPU
		Release|Any CPU = Release|Any CPU
	EndGlobalSection
	GlobalSection(ProjectConfigurationPlatforms) = postSolution
		{4EAFA69E-3E8D-4CA7-8B9A-547589BD1607}.Debug|Any CPU.ActiveCfg = Debug|Any CPU
		{4EAFA69E-3E8D-4CA7-8B9A-547589BD1607}.Debug|Any CPU.Build.0 = Debug|Any CPU
		{4EAFA69E-3E8D-4CA7-8B9A-547589BD1607}.Release|Any CPU.ActiveCfg = Release|Any CPU
		{4EAFA69E-3E8D-4CA7-8B9A-547589BD1607}.Release|Any CPU.Build.0 = Release|Any CPU
		{487CF1CF-16EE-4EE7-8C32-61A7DBCDF01F}.Debug|Any CPU.ActiveCfg = Debug|Any CPU
		{487CF1CF-16EE-4EE7-8C32-61A7DBCDF01F}.Debug|Any CPU.Build.0 = Debug|Any CPU
		{487CF1CF-16EE-4EE7-8C32-61A7DBCDF01F}.Release|Any CPU.ActiveCfg = Release|Any CPU
		{487CF1CF-16EE-4EE7-8C32-61A7DBCDF01F}.Release|Any CPU.Build.0 = Release|Any CPU
		{981278EB-4517-4B88-B616-CC53824DA808}.Debug|Any CPU.ActiveCfg = Debug|Any CPU
		{981278EB-4517-4B88-B616-CC53824DA808}.Debug|Any CPU.Build.0 = Debug|Any CPU
		{981278EB-4517-4B88-B616-CC53824DA808}.Release|Any CPU.ActiveCfg = Release|Any CPU
		{981278EB-4517-4B88-B616-CC53824DA808}.Release|Any CPU.Build.0 = Release|Any CPU
	EndGlobalSection
	GlobalSection(SolutionProperties) = preSolution
		HideSolutionNode = FALSE
	EndGlobalSection
	GlobalSection(ExtensibilityGlobals) = postSolution
		SolutionGuid = {6BC25632-8C65-4918-8B6A-F63274AEF502}
	EndGlobalSection
EndGlobal
